
Microsoft Visual Studio Solution File, Format Version 12.00
# Visual Studio Version 16
VisualStudioVersion = 16.0.30413.136
MinimumVisualStudioVersion = 10.0.40219.1
Project("{FAE04EC0-301F-11D3-BF4B-00C04F79EFBC}") = "AG_PD_v14", "AG_PD_v14\AG_PD_v14.csproj", "{DE8B19F5-DA44-4286-8931-3D024784839A}"
EndProject
Global
	GlobalSection(SolutionConfigurationPlatforms) = preSolution
		Debug|Any CPU = Debug|Any CPU
		Release|Any CPU = Release|Any CPU
	EndGlobalSection
	GlobalSection(ProjectConfigurationPlatforms) = postSolution
		{DE8B19F5-DA44-4286-8931-3D024784839A}.Debug|Any CPU.ActiveCfg = Debug|Any CPU
		{DE8B19F5-DA44-4286-8931-3D024784839A}.Debug|Any CPU.Build.0 = Debug|Any CPU
		{DE8B19F5-DA44-4286-8931-3D024784839A}.Release|Any CPU.ActiveCfg = Release|Any CPU
		{DE8B19F5-DA44-4286-8931-3D024784839A}.Release|Any CPU.Build.0 = Release|Any CPU
	EndGlobalSection
	GlobalSection(SolutionProperties) = preSolution
		HideSolutionNode = FALSE
	EndGlobalSection
	GlobalSection(ExtensibilityGlobals) = postSolution
		SolutionGuid = {2C5731F9-92F6-467F-BCCC-C9853E730AF4}
	EndGlobalSection
EndGlobal
